
Microsoft Visual Studio Solution File, Format Version 12.00
# Visual Studio Version 16
VisualStudioVersion = 16.0.33529.622
MinimumVisualStudioVersion = 10.0.40219.1
Project("{FAE04EC0-301F-11D3-BF4B-00C04F79EFBC}") = "ImpresorasAdapter", "ImpresorasAdapter\ImpresorasAdapter.csproj", "{FEBEDF32-24D1-4896-929B-C4AA46BCED44}"
EndProject
Global
	GlobalSection(SolutionConfigurationPlatforms) = preSolution
		Debug|Any CPU = Debug|Any CPU
		Release|Any CPU = Release|Any CPU
	EndGlobalSection
	GlobalSection(ProjectConfigurationPlatforms) = postSolution
		{FEBEDF32-24D1-4896-929B-C4AA46BCED44}.Debug|Any CPU.ActiveCfg = Debug|Any CPU
		{FEBEDF32-24D1-4896-929B-C4AA46BCED44}.Debug|Any CPU.Build.0 = Debug|Any CPU
		{FEBEDF32-24D1-4896-929B-C4AA46BCED44}.Release|Any CPU.ActiveCfg = Release|Any CPU
		{FEBEDF32-24D1-4896-929B-C4AA46BCED44}.Release|Any CPU.Build.0 = Release|Any CPU
	EndGlobalSection
	GlobalSection(SolutionProperties) = preSolution
		HideSolutionNode = FALSE
	EndGlobalSection
	GlobalSection(ExtensibilityGlobals) = postSolution
		SolutionGuid = {D8CD71BB-2285-46F6-B361-068293F6EFE7}
	EndGlobalSection
EndGlobal
