
Microsoft Visual Studio Solution File, Format Version 12.00
# Visual Studio Version 16
VisualStudioVersion = 16.0.33529.622
MinimumVisualStudioVersion = 10.0.40219.1
Project("{FAE04EC0-301F-11D3-BF4B-00C04F79EFBC}") = "MensajeriaDecorator", "MensajeriaDecorator\MensajeriaDecorator.csproj", "{961A2F6E-5689-469C-B5EF-077E24011CD6}"
EndProject
Global
	GlobalSection(SolutionConfigurationPlatforms) = preSolution
		Debug|Any CPU = Debug|Any CPU
		Release|Any CPU = Release|Any CPU
	EndGlobalSection
	GlobalSection(ProjectConfigurationPlatforms) = postSolution
		{961A2F6E-5689-469C-B5EF-077E24011CD6}.Debug|Any CPU.ActiveCfg = Debug|Any CPU
		{961A2F6E-5689-469C-B5EF-077E24011CD6}.Debug|Any CPU.Build.0 = Debug|Any CPU
		{961A2F6E-5689-469C-B5EF-077E24011CD6}.Release|Any CPU.ActiveCfg = Release|Any CPU
		{961A2F6E-5689-469C-B5EF-077E24011CD6}.Release|Any CPU.Build.0 = Release|Any CPU
	EndGlobalSection
	GlobalSection(SolutionProperties) = preSolution
		HideSolutionNode = FALSE
	EndGlobalSection
	GlobalSection(ExtensibilityGlobals) = postSolution
		SolutionGuid = {E3ED420A-8B6C-455E-B6EB-DA4FA30B5D08}
	EndGlobalSection
EndGlobal
